
Microsoft Visual Studio Solution File, Format Version 12.00
# Visual Studio 15
VisualStudioVersion = 15.0.27428.2027
MinimumVisualStudioVersion = 10.0.40219.1
Project("{FAE04EC0-301F-11D3-BF4B-00C04F79EFBC}") = "WebApiCountries", "WebApiCountries\WebApiCountries.csproj", "{D166004C-F5C8-4F17-9D5B-E63754C62E76}"
EndProject
Global
	GlobalSection(SolutionConfigurationPlatforms) = preSolution
		Debug|Any CPU = Debug|Any CPU
		Release|Any CPU = Release|Any CPU
	EndGlobalSection
	GlobalSection(ProjectConfigurationPlatforms) = postSolution
		{D166004C-F5C8-4F17-9D5B-E63754C62E76}.Debug|Any CPU.ActiveCfg = Debug|Any CPU
		{D166004C-F5C8-4F17-9D5B-E63754C62E76}.Debug|Any CPU.Build.0 = Debug|Any CPU
		{D166004C-F5C8-4F17-9D5B-E63754C62E76}.Release|Any CPU.ActiveCfg = Release|Any CPU
		{D166004C-F5C8-4F17-9D5B-E63754C62E76}.Release|Any CPU.Build.0 = Release|Any CPU
	EndGlobalSection
	GlobalSection(SolutionProperties) = preSolution
		HideSolutionNode = FALSE
	EndGlobalSection
	GlobalSection(ExtensibilityGlobals) = postSolution
		SolutionGuid = {7BA8C9F6-7CB9-4529-8175-769D00D8C11E}
	EndGlobalSection
EndGlobal
